
Microsoft Visual Studio Solution File, Format Version 12.00
# Visual Studio Version 17
VisualStudioVersion = 17.13.36105.23 d17.13
MinimumVisualStudioVersion = 10.0.40219.1
Project("{FAE04EC0-301F-11D3-BF4B-00C04F79EFBC}") = "PayFlow.API", "PayFlow.API\PayFlow.API.csproj", "{468DC96B-FF38-4418-8DEC-567708E8498C}"
EndProject
Global
	GlobalSection(SolutionConfigurationPlatforms) = preSolution
		Debug|Any CPU = Debug|Any CPU
		Release|Any CPU = Release|Any CPU
	EndGlobalSection
	GlobalSection(ProjectConfigurationPlatforms) = postSolution
		{468DC96B-FF38-4418-8DEC-567708E8498C}.Debug|Any CPU.ActiveCfg = Debug|Any CPU
		{468DC96B-FF38-4418-8DEC-567708E8498C}.Debug|Any CPU.Build.0 = Debug|Any CPU
		{468DC96B-FF38-4418-8DEC-567708E8498C}.Release|Any CPU.ActiveCfg = Release|Any CPU
		{468DC96B-FF38-4418-8DEC-567708E8498C}.Release|Any CPU.Build.0 = Release|Any CPU
	EndGlobalSection
	GlobalSection(SolutionProperties) = preSolution
		HideSolutionNode = FALSE
	EndGlobalSection
	GlobalSection(ExtensibilityGlobals) = postSolution
		SolutionGuid = {74DDE0FE-EFD1-4E24-8ACD-7B5069D52179}
	EndGlobalSection
EndGlobal
